// !$*UTF8*$!
{
	archiveVersion = 1;
	classes = {
	};
	objectVersion = 48;
	objects = {

/* Begin PBXBuildFile section */
		3836E6251F4EAC920033FF60 /* AppDelegate.swift in Sources */ = {isa = PBXBuildFile; fileRef = 3836E6241F4EAC920033FF60 /* AppDelegate.swift */; };
		3836E6271F4EAC920033FF60 /* ViewController.swift in Sources */ = {isa = PBXBuildFile; fileRef = 3836E6261F4EAC920033FF60 /* ViewController.swift */; };
		3836E62A1F4EAC920033FF60 /* Main.storyboard in Resources */ = {isa = PBXBuildFile; fileRef = 3836E6281F4EAC920033FF60 /* Main.storyboard */; };
		3836E62C1F4EAC920033FF60 /* Assets.xcassets in Resources */ = {isa = PBXBuildFile; fileRef = 3836E62B1F4EAC920033FF60 /* Assets.xcassets */; };
		3836E62F1F4EAC920033FF60 /* LaunchScreen.storyboard in Resources */ = {isa = PBXBuildFile; fileRef = 3836E62D1F4EAC920033FF60 /* LaunchScreen.storyboard */; };
		3836E63A1F4EAC920033FF60 /* gameTests.swift in Sources */ = {isa = PBXBuildFile; fileRef = 3836E6391F4EAC920033FF60 /* gameTests.swift */; };
		3836E6451F4EAC920033FF60 /* gameUITests.swift in Sources */ = {isa = PBXBuildFile; fileRef = 3836E6441F4EAC920033FF60 /* gameUITests.swift */; };
		3836E6531F4EACAC0033FF60 /* GameViewController.swift in Sources */ = {isa = PBXBuildFile; fileRef = 3836E6521F4EACAC0033FF60 /* GameViewController.swift */; };
/* End PBXBuildFile section */

/* Begin PBXContainerItemProxy section */
		3836E6361F4EAC920033FF60 /* PBXContainerItemProxy */ = {
			isa = PBXContainerItemProxy;
			containerPortal = 3836E6191F4EAC920033FF60 /* Project object */;
			proxyType = 1;
			remoteGlobalIDString = 3836E6201F4EAC920033FF60;
			remoteInfo = game;
		};
		3836E6411F4EAC920033FF60 /* PBXContainerItemProxy */ = {
			isa = PBXContainerItemProxy;
			containerPortal = 3836E6191F4EAC920033FF60 /* Project object */;
			proxyType = 1;
			remoteGlobalIDString = 3836E6201F4EAC920033FF60;
			remoteInfo = game;
		};
/* End PBXContainerItemProxy section */

/* Begin PBXFileReference section */
		3836E6211F4EAC920033FF60 /* game.app */ = {isa = PBXFileReference; explicitFileType = wrapper.application; includeInIndex = 0; path = game.app; sourceTree = BUILT_PRODUCTS_DIR; };
		3836E6241F4EAC920033FF60 /* AppDelegate.swift */ = {isa = PBXFileReference; lastKnownFileType = sourcecode.swift; path = AppDelegate.swift; sourceTree = "<group>"; };
		3836E6261F4EAC920033FF60 /* ViewController.swift */ = {isa = PBXFileReference; lastKnownFileType = sourcecode.swift; path = ViewController.swift; sourceTree = "<group>"; };
		3836E6291F4EAC920033FF60 /* Base */ = {isa = PBXFileReference; lastKnownFileType = file.storyboard; name = Base; path = Base.lproj/Main.storyboard; sourceTree = "<group>"; };
		3836E62B1F4EAC920033FF60 /* Assets.xcassets */ = {isa = PBXFileReference; lastKnownFileType = folder.assetcatalog; path = Assets.xcassets; sourceTree = "<group>"; };
		3836E62E1F4EAC920033FF60 /* Base */ = {isa = PBXFileReference; lastKnownFileType = file.storyboard; name = Base; path = Base.lproj/LaunchScreen.storyboard; sourceTree = "<group>"; };
		3836E6301F4EAC920033FF60 /* Info.plist */ = {isa = PBXFileReference; lastKnownFileType = text.plist.xml; path = Info.plist; sourceTree = "<group>"; };
		3836E6351F4EAC920033FF60 /* gameTests.xctest */ = {isa = PBXFileReference; explicitFileType = wrapper.cfbundle; includeInIndex = 0; path = gameTests.xctest; sourceTree = BUILT_PRODUCTS_DIR; };
		3836E6391F4EAC920033FF60 /* gameTests.swift */ = {isa = PBXFileReference; lastKnownFileType = sourcecode.swift; path = gameTests.swift; sourceTree = "<group>"; };
		3836E63B1F4EAC920033FF60 /* Info.plist */ = {isa = PBXFileReference; lastKnownFileType = text.plist.xml; path = Info.plist; sourceTree = "<group>"; };
		3836E6401F4EAC920033FF60 /* gameUITests.xctest */ = {isa = PBXFileReference; explicitFileType = wrapper.cfbundle; includeInIndex = 0; path = gameUITests.xctest; sourceTree = BUILT_PRODUCTS_DIR; };
		3836E6441F4EAC920033FF60 /* gameUITests.swift */ = {isa = PBXFileReference; lastKnownFileType = sourcecode.swift; path = gameUITests.swift; sourceTree = "<group>"; };
		3836E6461F4EAC920033FF60 /* Info.plist */ = {isa = PBXFileReference; lastKnownFileType = text.plist.xml; path = Info.plist; sourceTree = "<group>"; };
		3836E6521F4EACAC0033FF60 /* GameViewController.swift */ = {isa = PBXFileReference; lastKnownFileType = sourcecode.swift; path = GameViewController.swift; sourceTree = "<group>"; };
/* End PBXFileReference section */

/* Begin PBXFrameworksBuildPhase section */
		3836E61E1F4EAC920033FF60 /* Frameworks */ = {
			isa = PBXFrameworksBuildPhase;
			buildActionMask = 2147483647;
			files = (
			);
			runOnlyForDeploymentPostprocessing = 0;
		};
		3836E6321F4EAC920033FF60 /* Frameworks */ = {
			isa = PBXFrameworksBuildPhase;
			buildActionMask = 2147483647;
			files = (
			);
			runOnlyForDeploymentPostprocessing = 0;
		};
		3836E63D1F4EAC920033FF60 /* Frameworks */ = {
			isa = PBXFrameworksBuildPhase;
			buildActionMask = 2147483647;
			files = (
			);
			runOnlyForDeploymentPostprocessing = 0;
		};
/* End PBXFrameworksBuildPhase section */

/* Begin PBXGroup section */
		3836E6181F4EAC920033FF60 = {
			isa = PBXGroup;
			children = (
				3836E6231F4EAC920033FF60 /* game */,
				3836E6381F4EAC920033FF60 /* gameTests */,
				3836E6431F4EAC920033FF60 /* gameUITests */,
				3836E6221F4EAC920033FF60 /* Products */,
			);
			sourceTree = "<group>";
		};
		3836E6221F4EAC920033FF60 /* Products */ = {
			isa = PBXGroup;
			children = (
				3836E6211F4EAC920033FF60 /* game.app */,
				3836E6351F4EAC920033FF60 /* gameTests.xctest */,
				3836E6401F4EAC920033FF60 /* gameUITests.xctest */,
			);
			name = Products;
			sourceTree = "<group>";
		};
		3836E6231F4EAC920033FF60 /* game */ = {
			isa = PBXGroup;
			children = (
				3836E6241F4EAC920033FF60 /* AppDelegate.swift */,
				3836E6261F4EAC920033FF60 /* ViewController.swift */,
				3836E6281F4EAC920033FF60 /* Main.storyboard */,
				3836E6521F4EACAC0033FF60 /* GameViewController.swift */,
				3836E62B1F4EAC920033FF60 /* Assets.xcassets */,
				3836E62D1F4EAC920033FF60 /* LaunchScreen.storyboard */,
				3836E6301F4EAC920033FF60 /* Info.plist */,
			);
			path = game;
			sourceTree = "<group>";
		};
		3836E6381F4EAC920033FF60 /* gameTests */ = {
			isa = PBXGroup;
			children = (
				3836E6391F4EAC920033FF60 /* gameTests.swift */,
				3836E63B1F4EAC920033FF60 /* Info.plist */,
			);
			path = gameTests;
			sourceTree = "<group>";
		};
		3836E6431F4EAC920033FF60 /* gameUITests */ = {
			isa = PBXGroup;
			children = (
				3836E6441F4EAC920033FF60 /* gameUITests.swift */,
				3836E6461F4EAC920033FF60 /* Info.plist */,
			);
			path = gameUITests;
			sourceTree = "<group>";
		};
/* End PBXGroup section */

/* Begin PBXNativeTarget section */
		3836E6201F4EAC920033FF60 /* game */ = {
			isa = PBXNativeTarget;
			buildConfigurationList = 3836E6491F4EAC920033FF60 /* Build configuration list for PBXNativeTarget "game" */;
			buildPhases = (
				3836E61D1F4EAC920033FF60 /* Sources */,
				3836E61E1F4EAC920033FF60 /* Frameworks */,
				3836E61F1F4EAC920033FF60 /* Resources */,
			);
			buildRules = (
			);
			dependencies = (
			);
			name = game;
			productName = game;
			productReference = 3836E6211F4EAC920033FF60 /* game.app */;
			productType = "com.apple.product-type.application";
		};
		3836E6341F4EAC920033FF60 /* gameTests */ = {
			isa = PBXNativeTarget;
			buildConfigurationList = 3836E64C1F4EAC920033FF60 /* Build configuration list for PBXNativeTarget "gameTests" */;
			buildPhases = (
				3836E6311F4EAC920033FF60 /* Sources */,
				3836E6321F4EAC920033FF60 /* Frameworks */,
				3836E6331F4EAC920033FF60 /* Resources */,
			);
			buildRules = (
			);
			dependencies = (
				3836E6371F4EAC920033FF60 /* PBXTargetDependency */,
			);
			name = gameTests;
			productName = gameTests;
			productReference = 3836E6351F4EAC920033FF60 /* gameTests.xctest */;
			productType = "com.apple.product-type.bundle.unit-test";
		};
		3836E63F1F4EAC920033FF60 /* gameUITests */ = {
			isa = PBXNativeTarget;
			buildConfigurationList = 3836E64F1F4EAC920033FF60 /* Build configuration list for PBXNativeTarget "gameUITests" */;
			buildPhases = (
				3836E63C1F4EAC920033FF60 /* Sources */,
				3836E63D1F4EAC920033FF60 /* Frameworks */,
				3836E63E1F4EAC920033FF60 /* Resources */,
			);
			buildRules = (
			);
			dependencies = (
				3836E6421F4EAC920033FF60 /* PBXTargetDependency */,
			);
			name = gameUITests;
			productName = gameUITests;
			productReference = 3836E6401F4EAC920033FF60 /* gameUITests.xctest */;
			productType = "com.apple.product-type.bundle.ui-testing";
		};
/* End PBXNativeTarget section */

/* Begin PBXProject section */
		3836E6191F4EAC920033FF60 /* Project object */ = {
			isa = PBXProject;
			attributes = {
				LastSwiftUpdateCheck = 0900;
				LastUpgradeCheck = 0900;
				ORGANIZATIONNAME = "施馨檸";
				TargetAttributes = {
					3836E6201F4EAC920033FF60 = {
						CreatedOnToolsVersion = 9.0;
						ProvisioningStyle = Automatic;
					};
					3836E6341F4EAC920033FF60 = {
						CreatedOnToolsVersion = 9.0;
						ProvisioningStyle = Automatic;
						TestTargetID = 3836E6201F4EAC920033FF60;
					};
					3836E63F1F4EAC920033FF60 = {
						CreatedOnToolsVersion = 9.0;
						ProvisioningStyle = Automatic;
						TestTargetID = 3836E6201F4EAC920033FF60;
					};
				};
			};
			buildConfigurationList = 3836E61C1F4EAC920033FF60 /* Build configuration list for PBXProject "game" */;
			compatibilityVersion = "Xcode 8.0";
			developmentRegion = en;
			hasScannedForEncodings = 0;
			knownRegions = (
				en,
				Base,
			);
			mainGroup = 3836E6181F4EAC920033FF60;
			productRefGroup = 3836E6221F4EAC920033FF60 /* Products */;
			projectDirPath = "";
			projectRoot = "";
			targets = (
				3836E6201F4EAC920033FF60 /* game */,
				3836E6341F4EAC920033FF60 /* gameTests */,
				3836E63F1F4EAC920033FF60 /* gameUITests */,
			);
		};
/* End PBXProject section */

/* Begin PBXResourcesBuildPhase section */
		3836E61F1F4EAC920033FF60 /* Resources */ = {
			isa = PBXResourcesBuildPhase;
			buildActionMask = 2147483647;
			files = (
				3836E62F1F4EAC920033FF60 /* LaunchScreen.storyboard in Resources */,
				3836E62C1F4EAC920033FF60 /* Assets.xcassets in Resources */,
				3836E62A1F4EAC920033FF60 /* Main.storyboard in Resources */,
			);
			runOnlyForDeploymentPostprocessing = 0;
		};
		3836E6331F4EAC920033FF60 /* Resources */ = {
			isa = PBXResourcesBuildPhase;
			buildActionMask = 2147483647;
			files = (
			);
			runOnlyForDeploymentPostprocessing = 0;
		};
		3836E63E1F4EAC920033FF60 /* Resources */ = {
			isa = PBXResourcesBuildPhase;
			buildActionMask = 2147483647;
			files = (
			);
			runOnlyForDeploymentPostprocessing = 0;
		};
/* End PBXResourcesBuildPhase section */

/* Begin PBXSourcesBuildPhase section */
		3836E61D1F4EAC920033FF60 /* Sources */ = {
			isa = PBXSourcesBuildPhase;
			buildActionMask = 2147483647;
			files = (
				3836E6271F4EAC920033FF60 /* ViewController.swift in Sources */,
				3836E6531F4EACAC0033FF60 /* GameViewController.swift in Sources */,
				3836E6251F4EAC920033FF60 /* AppDelegate.swift in Sources */,
			);
			runOnlyForDeploymentPostprocessing = 0;
		};
		3836E6311F4EAC920033FF60 /* Sources */ = {
			isa = PBXSourcesBuildPhase;
			buildActionMask = 2147483647;
			files = (
				3836E63A1F4EAC920033FF60 /* gameTests.swift in Sources */,
			);
			runOnlyForDeploymentPostprocessing = 0;
		};
		3836E63C1F4EAC920033FF60 /* Sources */ = {
			isa = PBXSourcesBuildPhase;
			buildActionMask = 2147483647;
			files = (
				3836E6451F4EAC920033FF60 /* gameUITests.swift in Sources */,
			);
			runOnlyForDeploymentPostprocessing = 0;
		};
/* End PBXSourcesBuildPhase section */

/* Begin PBXTargetDependency section */
		3836E6371F4EAC920033FF60 /* PBXTargetDependency */ = {
			isa = PBXTargetDependency;
			target = 3836E6201F4EAC920033FF60 /* game */;
			targetProxy = 3836E6361F4EAC920033FF60 /* PBXContainerItemProxy */;
		};
		3836E6421F4EAC920033FF60 /* PBXTargetDependency */ = {
			isa = PBXTargetDependency;
			target = 3836E6201F4EAC920033FF60 /* game */;
			targetProxy = 3836E6411F4EAC920033FF60 /* PBXContainerItemProxy */;
		};
/* End PBXTargetDependency section */

/* Begin PBXVariantGroup section */
		3836E6281F4EAC920033FF60 /* Main.storyboard */ = {
			isa = PBXVariantGroup;
			children = (
				3836E6291F4EAC920033FF60 /* Base */,
			);
			name = Main.storyboard;
			sourceTree = "<group>";
		};
		3836E62D1F4EAC920033FF60 /* LaunchScreen.storyboard */ = {
			isa = PBXVariantGroup;
			children = (
				3836E62E1F4EAC920033FF60 /* Base */,
			);
			name = LaunchScreen.storyboard;
			sourceTree = "<group>";
		};
/* End PBXVariantGroup section */

/* Begin XCBuildConfiguration section */
		3836E6471F4EAC920033FF60 /* Debug */ = {
			isa = XCBuildConfiguration;
			buildSettings = {
				ALWAYS_SEARCH_USER_PATHS = NO;
				CLANG_ANALYZER_NONNULL = YES;
				CLANG_ANALYZER_NUMBER_OBJECT_CONVERSION = YES_AGGRESSIVE;
				CLANG_CXX_LANGUAGE_STANDARD = "gnu++14";
				CLANG_CXX_LIBRARY = "libc++";
				CLANG_ENABLE_MODULES = YES;
				CLANG_ENABLE_OBJC_ARC = YES;
				CLANG_WARN_BLOCK_CAPTURE_AUTORELEASING = YES;
				CLANG_WARN_BOOL_CONVERSION = YES;
				CLANG_WARN_COMMA = YES;
				CLANG_WARN_CONSTANT_CONVERSION = YES;
				CLANG_WARN_DIRECT_OBJC_ISA_USAGE = YES_ERROR;
				CLANG_WARN_DOCUMENTATION_COMMENTS = YES;
				CLANG_WARN_EMPTY_BODY = YES;
				CLANG_WARN_ENUM_CONVERSION = YES;
				CLANG_WARN_INFINITE_RECURSION = YES;
				CLANG_WARN_INT_CONVERSION = YES;
				CLANG_WARN_NON_LITERAL_NULL_CONVERSION = YES;
				CLANG_WARN_OBJC_LITERAL_CONVERSION = YES;
				CLANG_WARN_OBJC_ROOT_CLASS = YES_ERROR;
				CLANG_WARN_RANGE_LOOP_ANALYSIS = YES;
				CLANG_WARN_STRICT_PROTOTYPES = YES;
				CLANG_WARN_SUSPICIOUS_MOVE = YES;
				CLANG_WARN_UNGUARDED_AVAILABILITY = YES_AGGRESSIVE;
				CLANG_WARN_UNREACHABLE_CODE = YES;
				CLANG_WARN__DUPLICATE_METHOD_MATCH = YES;
				CODE_SIGN_IDENTITY = "iPhone Developer";
				COPY_PHASE_STRIP = NO;
				DEBUG_INFORMATION_FORMAT = dwarf;
				ENABLE_STRICT_OBJC_MSGSEND = YES;
				ENABLE_TESTABILITY = YES;
				GCC_C_LANGUAGE_STANDARD = gnu11;
				GCC_DYNAMIC_NO_PIC = NO;
				GCC_NO_COMMON_BLOCKS = YES;
				GCC_OPTIMIZATION_LEVEL = 0;
				GCC_PREPROCESSOR_DEFINITIONS = (
					"DEBUG=1",
					"$(inherited)",
				);
				GCC_WARN_64_TO_32_BIT_CONVERSION = YES;
				GCC_WARN_ABOUT_RETURN_TYPE = YES_ERROR;
				GCC_WARN_UNDECLARED_SELECTOR = YES;
				GCC_WARN_UNINITIALIZED_AUTOS = YES_AGGRESSIVE;
				GCC_WARN_UNUSED_FUNCTION = YES;
				GCC_WARN_UNUSED_VARIABLE = YES;
				IPHONEOS_DEPLOYMENT_TARGET = 11.0;
				MTL_ENABLE_DEBUG_INFO = YES;
				ONLY_ACTIVE_ARCH = YES;
				SDKROOT = iphoneos;
				SWIFT_ACTIVE_COMPILATION_CONDITIONS = DEBUG;
				SWIFT_OPTIMIZATION_LEVEL = "-Onone";
			};
			name = Debug;
		};
		3836E6481F4EAC920033FF60 /* Release */ = {
			isa = XCBuildConfiguration;
			buildSettings = {
				ALWAYS_SEARCH_USER_PATHS = NO;
				CLANG_ANALYZER_NONNULL = YES;
				CLANG_ANALYZER_NUMBER_OBJECT_CONVERSION = YES_AGGRESSIVE;
				CLANG_CXX_LANGUAGE_STANDARD = "gnu++14";
				CLANG_CXX_LIBRARY = "libc++";
				CLANG_ENABLE_MODULES = YES;
				CLANG_ENABLE_OBJC_ARC = YES;
				CLANG_WARN_BLOCK_CAPTURE_AUTORELEASING = YES;
				CLANG_WARN_BOOL_CONVERSION = YES;
				CLANG_WARN_COMMA = YES;
				CLANG_WARN_CONSTANT_CONVERSION = YES;
				CLANG_WARN_DIRECT_OBJC_ISA_USAGE = YES_ERROR;
				CLANG_WARN_DOCUMENTATION_COMMENTS = YES;
				CLANG_WARN_EMPTY_BODY = YES;
				CLANG_WARN_ENUM_CONVERSION = YES;
				CLANG_WARN_INFINITE_RECURSION = YES;
				CLANG_WARN_INT_CONVERSION = YES;
				CLANG_WARN_NON_LITERAL_NULL_CONVERSION = YES;
				CLANG_WARN_OBJC_LITERAL_CONVERSION = YES;
				CLANG_WARN_OBJC_ROOT_CLASS = YES_ERROR;
				CLANG_WARN_RANGE_LOOP_ANALYSIS = YES;
				CLANG_WARN_STRICT_PROTOTYPES = YES;
				CLANG_WARN_SUSPICIOUS_MOVE = YES;
				CLANG_WARN_UNGUARDED_AVAILABILITY = YES_AGGRESSIVE;
				CLANG_WARN_UNREACHABLE_CODE = YES;
				CLANG_WARN__DUPLICATE_METHOD_MATCH = YES;
				CODE_SIGN_IDENTITY = "iPhone Developer";
				COPY_PHASE_STRIP = NO;
				DEBUG_INFORMATION_FORMAT = "dwarf-with-dsym";
				ENABLE_NS_ASSERTIONS = NO;
				ENABLE_STRICT_OBJC_MSGSEND = YES;
				GCC_C_LANGUAGE_STANDARD = gnu11;
				GCC_NO_COMMON_BLOCKS = YES;
				GCC_WARN_64_TO_32_BIT_CONVERSION = YES;
				GCC_WARN_ABOUT_RETURN_TYPE = YES_ERROR;
				GCC_WARN_UNDECLARED_SELECTOR = YES;
				GCC_WARN_UNINITIALIZED_AUTOS = YES_AGGRESSIVE;
				GCC_WARN_UNUSED_FUNCTION = YES;
				GCC_WARN_UNUSED_VARIABLE = YES;
				IPHONEOS_DEPLOYMENT_TARGET = 11.0;
				MTL_ENABLE_DEBUG_INFO = NO;
				SDKROOT = iphoneos;
				SWIFT_OPTIMIZATION_LEVEL = "-Owholemodule";
				VALIDATE_PRODUCT = YES;
			};
			name = Release;
		};
		3836E64A1F4EAC920033FF60 /* Debug */ = {
			isa = XCBuildConfiguration;
			buildSettings = {
				ASSETCATALOG_COMPILER_APPICON_NAME = AppIcon;
				CODE_SIGN_STYLE = Automatic;
				INFOPLIST_FILE = game/Info.plist;
				LD_RUNPATH_SEARCH_PATHS = "$(inherited) @executable_path/Frameworks";
				PRODUCT_BUNDLE_IDENTIFIER = ning.game;
				PRODUCT_NAME = "$(TARGET_NAME)";
				SWIFT_VERSION = 4.0;
				TARGETED_DEVICE_FAMILY = "1,2";
			};
			name = Debug;
		};
		3836E64B1F4EAC920033FF60 /* Release */ = {
			isa = XCBuildConfiguration;
			buildSettings = {
				ASSETCATALOG_COMPILER_APPICON_NAME = AppIcon;
				CODE_SIGN_STYLE = Automatic;
				INFOPLIST_FILE = game/Info.plist;
				LD_RUNPATH_SEARCH_PATHS = "$(inherited) @executable_path/Frameworks";
				PRODUCT_BUNDLE_IDENTIFIER = ning.game;
				PRODUCT_NAME = "$(TARGET_NAME)";
				SWIFT_VERSION = 4.0;
				TARGETED_DEVICE_FAMILY = "1,2";
			};
			name = Release;
		};
		3836E64D1F4EAC920033FF60 /* Debug */ = {
			isa = XCBuildConfiguration;
			buildSettings = {
				ALWAYS_EMBED_SWIFT_STANDARD_LIBRARIES = YES;
				BUNDLE_LOADER = "$(TEST_HOST)";
				CODE_SIGN_STYLE = Automatic;
				INFOPLIST_FILE = gameTests/Info.plist;
				LD_RUNPATH_SEARCH_PATHS = "$(inherited) @executable_path/Frameworks @loader_path/Frameworks";
				PRODUCT_BUNDLE_IDENTIFIER = ning.gameTests;
				PRODUCT_NAME = "$(TARGET_NAME)";
				SWIFT_VERSION = 4.0;
				TARGETED_DEVICE_FAMILY = "1,2";
				TEST_HOST = "$(BUILT_PRODUCTS_DIR)/game.app/game";
			};
			name = Debug;
		};
		3836E64E1F4EAC920033FF60 /* Release */ = {
			isa = XCBuildConfiguration;
			buildSettings = {
				ALWAYS_EMBED_SWIFT_STANDARD_LIBRARIES = YES;
				BUNDLE_LOADER = "$(TEST_HOST)";
				CODE_SIGN_STYLE = Automatic;
				INFOPLIST_FILE = gameTests/Info.plist;
				LD_RUNPATH_SEARCH_PATHS = "$(inherited) @executable_path/Frameworks @loader_path/Frameworks";
				PRODUCT_BUNDLE_IDENTIFIER = ning.gameTests;
				PRODUCT_NAME = "$(TARGET_NAME)";
				SWIFT_VERSION = 4.0;
				TARGETED_DEVICE_FAMILY = "1,2";
				TEST_HOST = "$(BUILT_PRODUCTS_DIR)/game.app/game";
			};
			name = Release;
		};
		3836E6501F4EAC920033FF60 /* Debug */ = {
			isa = XCBuildConfiguration;
			buildSettings = {
				ALWAYS_EMBED_SWIFT_STANDARD_LIBRARIES = YES;
				CODE_SIGN_STYLE = Automatic;
				INFOPLIST_FILE = gameUITests/Info.plist;
				LD_RUNPATH_SEARCH_PATHS = "$(inherited) @executable_path/Frameworks @loader_path/Frameworks";
				PRODUCT_BUNDLE_IDENTIFIER = ning.gameUITests;
				PRODUCT_NAME = "$(TARGET_NAME)";
				SWIFT_VERSION = 4.0;
				TARGETED_DEVICE_FAMILY = "1,2";
				TEST_TARGET_NAME = game;
			};
			name = Debug;
		};
		3836E6511F4EAC920033FF60 /* Release */ = {
			isa = XCBuildConfiguration;
			buildSettings = {
				ALWAYS_EMBED_SWIFT_STANDARD_LIBRARIES = YES;
				CODE_SIGN_STYLE = Automatic;
				INFOPLIST_FILE = gameUITests/Info.plist;
				LD_RUNPATH_SEARCH_PATHS = "$(inherited) @executable_path/Frameworks @loader_path/Frameworks";
				PRODUCT_BUNDLE_IDENTIFIER = ning.gameUITests;
				PRODUCT_NAME = "$(TARGET_NAME)";
				SWIFT_VERSION = 4.0;
				TARGETED_DEVICE_FAMILY = "1,2";
				TEST_TARGET_NAME = game;
			};
			name = Release;
		};
/* End XCBuildConfiguration section */

/* Begin XCConfigurationList section */
		3836E61C1F4EAC920033FF60 /* Build configuration list for PBXProject "game" */ = {
			isa = XCConfigurationList;
			buildConfigurations = (
				3836E6471F4EAC920033FF60 /* Debug */,
				3836E6481F4EAC920033FF60 /* Release */,
			);
			defaultConfigurationIsVisible = 0;
			defaultConfigurationName = Release;
		};
		3836E6491F4EAC920033FF60 /* Build configuration list for PBXNativeTarget "game" */ = {
			isa = XCConfigurationList;
			buildConfigurations = (
				3836E64A1F4EAC920033FF60 /* Debug */,
				3836E64B1F4EAC920033FF60 /* Release */,
			);
			defaultConfigurationIsVisible = 0;
			defaultConfigurationName = Release;
		};
		3836E64C1F4EAC920033FF60 /* Build configuration list for PBXNativeTarget "gameTests" */ = {
			isa = XCConfigurationList;
			buildConfigurations = (
				3836E64D1F4EAC920033FF60 /* Debug */,
				3836E64E1F4EAC920033FF60 /* Release */,
			);
			defaultConfigurationIsVisible = 0;
			defaultConfigurationName = Release;
		};
		3836E64F1F4EAC920033FF60 /* Build configuration list for PBXNativeTarget "gameUITests" */ = {
			isa = XCConfigurationList;
			buildConfigurations = (
				3836E6501F4EAC920033FF60 /* Debug */,
				3836E6511F4EAC920033FF60 /* Release */,
			);
			defaultConfigurationIsVisible = 0;
			defaultConfigurationName = Release;
		};
/* End XCConfigurationList section */
	};
	rootObject = 3836E6191F4EAC920033FF60 /* Project object */;
}
